{
  "projects": [
    {
      "projectId": "seaQhLVS4bbjiGvJJrRwyL",
      "version": "15.0.3",
      "dependencies": {},
      "lang": "ts",
      "fileLocks": [
        {
          "assetId": "seaQhLVS4bbjiGvJJrRwyL",
          "type": "projectCss",
          "checksum": "dc88471beadb978e51eb3ceb75d10fdb"
        }
      ]
    },
    {
      "projectId": "aKgx23trR4pRruD8EJjwJD",
      "version": "latest",
      "dependencies": {
        "seaQhLVS4bbjiGvJJrRwyL": "15.0.3"
      },
      "lang": "ts",
      "fileLocks": [
        {
          "type": "globalVariant",
          "assetId": "I1cB24cfWiGpRn",
          "checksum": "26fb6a259c9df2a3a0d80e738023993a"
        },
        {
          "type": "renderModule",
          "assetId": "qsQtiH-HkAmz0",
          "checksum": "17a8d65eb9a2f86fcbea5fd2af8e6ad5"
        },
        {
          "type": "cssRules",
          "assetId": "qsQtiH-HkAmz0",
          "checksum": "17a8d65eb9a2f86fcbea5fd2af8e6ad5"
        },
        {
          "type": "renderModule",
          "assetId": "_A530sb_4cqLg",
          "checksum": "f89e55a785da3d7bf38567f59f0aa2d0"
        },
        {
          "type": "cssRules",
          "assetId": "_A530sb_4cqLg",
          "checksum": "f89e55a785da3d7bf38567f59f0aa2d0"
        },
        {
          "type": "renderModule",
          "assetId": "XHaa485UFVs2w",
          "checksum": "80e4a7cbcde8738f3703a82d146d633b"
        },
        {
          "type": "cssRules",
          "assetId": "XHaa485UFVs2w",
          "checksum": "80e4a7cbcde8738f3703a82d146d633b"
        },
        {
          "type": "renderModule",
          "assetId": "QcZGccdaY1-VP",
          "checksum": "b30310507ededf56ad4cf64c78ca159f"
        },
        {
          "type": "cssRules",
          "assetId": "QcZGccdaY1-VP",
          "checksum": "b30310507ededf56ad4cf64c78ca159f"
        },
        {
          "type": "renderModule",
          "assetId": "nc6ccUG19VKId",
          "checksum": "6a63a11e0761af32336db8a8b9b04aa8"
        },
        {
          "type": "cssRules",
          "assetId": "nc6ccUG19VKId",
          "checksum": "6a63a11e0761af32336db8a8b9b04aa8"
        },
        {
          "type": "renderModule",
          "assetId": "5SUma1BVAohQJ",
          "checksum": "aa980f0e89363467675c80936e7b01df"
        },
        {
          "type": "cssRules",
          "assetId": "5SUma1BVAohQJ",
          "checksum": "aa980f0e89363467675c80936e7b01df"
        },
        {
          "type": "renderModule",
          "assetId": "ru8gTUrsyIQDE",
          "checksum": "884c42c31e18b993baa2c088a7ffab01"
        },
        {
          "type": "cssRules",
          "assetId": "ru8gTUrsyIQDE",
          "checksum": "884c42c31e18b993baa2c088a7ffab01"
        },
        {
          "type": "renderModule",
          "assetId": "ZdrF13Qt_GI38",
          "checksum": "b4c31ed91a6d53576d10fa5e2ed2ccd8"
        },
        {
          "type": "cssRules",
          "assetId": "ZdrF13Qt_GI38",
          "checksum": "b4c31ed91a6d53576d10fa5e2ed2ccd8"
        },
        {
          "type": "renderModule",
          "assetId": "_IuMKwtZk40nP",
          "checksum": "68e8aac244ec8895e48b10536a310c05"
        },
        {
          "type": "cssRules",
          "assetId": "_IuMKwtZk40nP",
          "checksum": "68e8aac244ec8895e48b10536a310c05"
        },
        {
          "type": "renderModule",
          "assetId": "LHmILgEdBtetSN",
          "checksum": "3b3535c8f0fbaeb499c40a8422086aa4"
        },
        {
          "type": "cssRules",
          "assetId": "LHmILgEdBtetSN",
          "checksum": "3b3535c8f0fbaeb499c40a8422086aa4"
        },
        {
          "type": "renderModule",
          "assetId": "_8JyfKkH85mXpj",
          "checksum": "4b9c6a80439415711fba63d6a1fe0222"
        },
        {
          "type": "cssRules",
          "assetId": "_8JyfKkH85mXpj",
          "checksum": "4b9c6a80439415711fba63d6a1fe0222"
        },
        {
          "type": "renderModule",
          "assetId": "2yJEwyzQMLvtTw",
          "checksum": "4e9ef1a85358c51385922512e70c54af"
        },
        {
          "type": "cssRules",
          "assetId": "2yJEwyzQMLvtTw",
          "checksum": "4e9ef1a85358c51385922512e70c54af"
        },
        {
          "type": "renderModule",
          "assetId": "LaLoN7tQvZHwaP",
          "checksum": "e37bcff15f84a5ce9244d4d50af28312"
        },
        {
          "type": "cssRules",
          "assetId": "LaLoN7tQvZHwaP",
          "checksum": "e37bcff15f84a5ce9244d4d50af28312"
        },
        {
          "type": "renderModule",
          "assetId": "LtiDSvC3hT1kPR",
          "checksum": "68088125bf481f6bfe0ea5a19b1c0f57"
        },
        {
          "type": "cssRules",
          "assetId": "LtiDSvC3hT1kPR",
          "checksum": "68088125bf481f6bfe0ea5a19b1c0f57"
        },
        {
          "type": "renderModule",
          "assetId": "WBDhfq3Hb4FBSh",
          "checksum": "4b580f3c3042a468391d174e4793f521"
        },
        {
          "type": "cssRules",
          "assetId": "WBDhfq3Hb4FBSh",
          "checksum": "4b580f3c3042a468391d174e4793f521"
        },
        {
          "type": "renderModule",
          "assetId": "Up-xxBTwbv4TEU",
          "checksum": "5ebffb251f8ae6f8bd0566836a60bc4a"
        },
        {
          "type": "cssRules",
          "assetId": "Up-xxBTwbv4TEU",
          "checksum": "5ebffb251f8ae6f8bd0566836a60bc4a"
        },
        {
          "type": "renderModule",
          "assetId": "QDtSVZo0RQdgj5",
          "checksum": "d9ee4f7690078b726133275892c92f41"
        },
        {
          "type": "cssRules",
          "assetId": "QDtSVZo0RQdgj5",
          "checksum": "d9ee4f7690078b726133275892c92f41"
        },
        {
          "type": "image",
          "assetId": "Vx63uT_bUBcUrW",
          "checksum": "10377f707939f238f04b338558805426"
        },
        {
          "type": "image",
          "assetId": "GG9Jjwru_HL9Ye",
          "checksum": "179d312426a0c8925cbbc2c2c1cb8436"
        },
        {
          "type": "image",
          "assetId": "wvhMMwMMyHHcy2",
          "checksum": "79d8b7632cd637512694d962194d1a78"
        },
        {
          "type": "image",
          "assetId": "A9eMPbruA5Tn9A",
          "checksum": "38c0085ad446a5310dbbffbd25016d7e"
        },
        {
          "assetId": "aKgx23trR4pRruD8EJjwJD",
          "type": "projectCss",
          "checksum": "bf88b67b3e7bcb5f6c5917653664eb94"
        },
        {
          "type": "icon",
          "assetId": "T7VPqjQHar98T5",
          "checksum": "57dc15e647466be77ba016527fc712e1"
        },
        {
          "type": "icon",
          "assetId": "LYsjYwWeEAToEV",
          "checksum": "1e47ce682fa9d9d256c6b64e099b2806"
        },
        {
          "type": "icon",
          "assetId": "6MKHdK1DnaU7od",
          "checksum": "a4e1da315411e0700dd298c699cfd25a"
        },
        {
          "type": "icon",
          "assetId": "C87rxJYj0vfZI1",
          "checksum": "8018f3e2c013ce5c08708d096e9ccdf5"
        },
        {
          "type": "icon",
          "assetId": "OHA_SGHlfXpwem",
          "checksum": "834bdc22bcd36c8b3c6fe52a51af113e"
        },
        {
          "type": "icon",
          "assetId": "47GZdHR0jJXQo4",
          "checksum": "fcd86f1ca35d7251f339bee629fcefb7"
        },
        {
          "type": "icon",
          "assetId": "tCq7bYgQ5wBbTw",
          "checksum": "ea99c128c6e99adfa68c61363e102743"
        },
        {
          "type": "icon",
          "assetId": "sOiwcx4N79fQPF",
          "checksum": "635bec9f195e3c06816e7e78741bf229"
        },
        {
          "type": "icon",
          "assetId": "2dioccwpGrV7RF",
          "checksum": "9f133b588606ddc1207d7a6957b5c346"
        },
        {
          "type": "icon",
          "assetId": "OwSF-6xb8mAzG1",
          "checksum": "f428c0006a485b8b329eae47751cbd01"
        },
        {
          "type": "icon",
          "assetId": "S6eAROBy2RkiGA",
          "checksum": "623dc9571e0b5cad9a7a81fb246ecc11"
        },
        {
          "type": "icon",
          "assetId": "TPr3C9MtAgoHre",
          "checksum": "1f10e950d3e5ecf663c347568cbd5139"
        },
        {
          "type": "icon",
          "assetId": "H6zaqv0TuoWAWn",
          "checksum": "52176991a32144d2b9045499b599edbb"
        },
        {
          "type": "icon",
          "assetId": "Ke4bFUPK43YJbL",
          "checksum": "ba427466e91e8f1fceedb8ce9427d633"
        },
        {
          "type": "icon",
          "assetId": "7LzMhDpREtTTVX",
          "checksum": "9e43b94beee58674faabd887a764582a"
        },
        {
          "type": "icon",
          "assetId": "8L9pOrF8oOymMc",
          "checksum": "7e5bba773a958561a99c895241a30e55"
        },
        {
          "type": "icon",
          "assetId": "0T6yeoiNxWU7bC",
          "checksum": "0238f0a32b40487cdc48c16135fdcd76"
        },
        {
          "type": "icon",
          "assetId": "8Zljm9_io-yfMH",
          "checksum": "9942e80fa6b6f6f681169c18ec7ae0a9"
        },
        {
          "type": "icon",
          "assetId": "tQfz97OjciV2ge",
          "checksum": "33d5eeca38ab65b4c9f1af9d975e5001"
        }
      ]
    }
  ],
  "cliVersion": "0.1.152"
}
